
Microsoft Visual Studio Solution File, Format Version 12.00
# Visual Studio 15
VisualStudioVersion = 15.0.28307.902
MinimumVisualStudioVersion = 10.0.40219.1
Project("{FAE04EC0-301F-11D3-BF4B-00C04F79EFBC}") = "presentation_layer", "presentation_layer\presentation_layer.csproj", "{D479CA05-006B-450D-8617-A7FB5589E9BD}"
EndProject
Global
	GlobalSection(SolutionConfigurationPlatforms) = preSolution
		Debug|Any CPU = Debug|Any CPU
		Release|Any CPU = Release|Any CPU
	EndGlobalSection
	GlobalSection(ProjectConfigurationPlatforms) = postSolution
		{D479CA05-006B-450D-8617-A7FB5589E9BD}.Debug|Any CPU.ActiveCfg = Debug|Any CPU
		{D479CA05-006B-450D-8617-A7FB5589E9BD}.Debug|Any CPU.Build.0 = Debug|Any CPU
		{D479CA05-006B-450D-8617-A7FB5589E9BD}.Release|Any CPU.ActiveCfg = Release|Any CPU
		{D479CA05-006B-450D-8617-A7FB5589E9BD}.Release|Any CPU.Build.0 = Release|Any CPU
	EndGlobalSection
	GlobalSection(SolutionProperties) = preSolution
		HideSolutionNode = FALSE
	EndGlobalSection
	GlobalSection(ExtensibilityGlobals) = postSolution
		SolutionGuid = {B5390AF8-54B3-4D66-BBAA-F36DC04D1EDF}
	EndGlobalSection
EndGlobal
